
Microsoft Visual Studio Solution File, Format Version 12.00
# Visual Studio 15
VisualStudioVersion = 15.0.27428.2011
MinimumVisualStudioVersion = 10.0.40219.1
Project("{FAE04EC0-301F-11D3-BF4B-00C04F79EFBC}") = "WDM", "WDM\WDM.csproj", "{870B1593-5E2E-4192-BAD5-DB3BC726F0F2}"
EndProject
Project("{FAE04EC0-301F-11D3-BF4B-00C04F79EFBC}") = "WDM.DocTrack", "WDM.DocTrack\WDM.DocTrack.csproj", "{9C414545-94ED-459B-AD38-414AF0943021}"
EndProject
Project("{FAE04EC0-301F-11D3-BF4B-00C04F79EFBC}") = "WDM.Services", "WDM.Services\WDM.Services.csproj", "{8ADBD1BE-5C17-4482-A077-7602C326AD99}"
EndProject
Global
	GlobalSection(SolutionConfigurationPlatforms) = preSolution
		Debug|Any CPU = Debug|Any CPU
		Release|Any CPU = Release|Any CPU
	EndGlobalSection
	GlobalSection(ProjectConfigurationPlatforms) = postSolution
		{870B1593-5E2E-4192-BAD5-DB3BC726F0F2}.Debug|Any CPU.ActiveCfg = Debug|Any CPU
		{870B1593-5E2E-4192-BAD5-DB3BC726F0F2}.Debug|Any CPU.Build.0 = Debug|Any CPU
		{870B1593-5E2E-4192-BAD5-DB3BC726F0F2}.Release|Any CPU.ActiveCfg = Release|Any CPU
		{870B1593-5E2E-4192-BAD5-DB3BC726F0F2}.Release|Any CPU.Build.0 = Release|Any CPU
		{9C414545-94ED-459B-AD38-414AF0943021}.Debug|Any CPU.ActiveCfg = Debug|Any CPU
		{9C414545-94ED-459B-AD38-414AF0943021}.Debug|Any CPU.Build.0 = Debug|Any CPU
		{9C414545-94ED-459B-AD38-414AF0943021}.Release|Any CPU.ActiveCfg = Release|Any CPU
		{9C414545-94ED-459B-AD38-414AF0943021}.Release|Any CPU.Build.0 = Release|Any CPU
		{8ADBD1BE-5C17-4482-A077-7602C326AD99}.Debug|Any CPU.ActiveCfg = Debug|Any CPU
		{8ADBD1BE-5C17-4482-A077-7602C326AD99}.Debug|Any CPU.Build.0 = Debug|Any CPU
		{8ADBD1BE-5C17-4482-A077-7602C326AD99}.Release|Any CPU.ActiveCfg = Release|Any CPU
		{8ADBD1BE-5C17-4482-A077-7602C326AD99}.Release|Any CPU.Build.0 = Release|Any CPU
	EndGlobalSection
	GlobalSection(SolutionProperties) = preSolution
		HideSolutionNode = FALSE
	EndGlobalSection
	GlobalSection(ExtensibilityGlobals) = postSolution
		SolutionGuid = {8B0B7012-6062-4C05-B466-9271F072ECDA}
	EndGlobalSection
EndGlobal
